
Microsoft Visual Studio Solution File, Format Version 12.00
# Visual Studio Version 17
VisualStudioVersion = 17.7.34202.233
MinimumVisualStudioVersion = 10.0.40219.1
Project("{FAE04EC0-301F-11D3-BF4B-00C04F79EFBC}") = "KFA.Threading.DirSize", "KFA.Threading.DirSize\KFA.Threading.DirSize.csproj", "{2BFE5FCB-9886-428B-B02B-6E62AB834DE3}"
EndProject
Global
	GlobalSection(SolutionConfigurationPlatforms) = preSolution
		Debug|Any CPU = Debug|Any CPU
		Release|Any CPU = Release|Any CPU
	EndGlobalSection
	GlobalSection(ProjectConfigurationPlatforms) = postSolution
		{2BFE5FCB-9886-428B-B02B-6E62AB834DE3}.Debug|Any CPU.ActiveCfg = Debug|Any CPU
		{2BFE5FCB-9886-428B-B02B-6E62AB834DE3}.Debug|Any CPU.Build.0 = Debug|Any CPU
		{2BFE5FCB-9886-428B-B02B-6E62AB834DE3}.Release|Any CPU.ActiveCfg = Release|Any CPU
		{2BFE5FCB-9886-428B-B02B-6E62AB834DE3}.Release|Any CPU.Build.0 = Release|Any CPU
	EndGlobalSection
	GlobalSection(SolutionProperties) = preSolution
		HideSolutionNode = FALSE
	EndGlobalSection
	GlobalSection(ExtensibilityGlobals) = postSolution
		SolutionGuid = {D16302B2-4D4D-4731-8ACF-EE611FE629F8}
	EndGlobalSection
EndGlobal
